// !$*UTF8*$!
{
	archiveVersion = 1;
	classes = {
	};
	objectVersion = 50;
	objects = {

/* Begin PBXBuildFile section */
		D63C8951269D73C2003F1A6D /* ReminderAppleApp.swift in Sources */ = {isa = PBXBuildFile; fileRef = D63C8950269D73C2003F1A6D /* ReminderAppleApp.swift */; };
		D63C8953269D73C2003F1A6D /* ContentView.swift in Sources */ = {isa = PBXBuildFile; fileRef = D63C8952269D73C2003F1A6D /* ContentView.swift */; };
		D63C8955269D73C3003F1A6D /* Assets.xcassets in Resources */ = {isa = PBXBuildFile; fileRef = D63C8954269D73C3003F1A6D /* Assets.xcassets */; };
		D63C8958269D73C3003F1A6D /* Preview Assets.xcassets in Resources */ = {isa = PBXBuildFile; fileRef = D63C8957269D73C3003F1A6D /* Preview Assets.xcassets */; };
		D63C8967269D7437003F1A6D /* Task.swift in Sources */ = {isa = PBXBuildFile; fileRef = D63C8966269D7437003F1A6D /* Task.swift */; };
		D63FD087269DE90400B0DE62 /* TaskListView.swift in Sources */ = {isa = PBXBuildFile; fileRef = D63C896C269D7496003F1A6D /* TaskListView.swift */; };
		D63FD088269DE90D00B0DE62 /* TaskListViewModel.swift in Sources */ = {isa = PBXBuildFile; fileRef = D63C8969269D7448003F1A6D /* TaskListViewModel.swift */; };
		D63FD089269DE90F00B0DE62 /* TaskCellViewModel.swift in Sources */ = {isa = PBXBuildFile; fileRef = D63C8968269D7448003F1A6D /* TaskCellViewModel.swift */; };
		D6D6DDDF269EC59400DC7829 /* TaskEditorView.swift in Sources */ = {isa = PBXBuildFile; fileRef = D6D6DDDE269EC59400DC7829 /* TaskEditorView.swift */; };
/* End PBXBuildFile section */

/* Begin PBXFileReference section */
		D63C894D269D73C2003F1A6D /* ReminderApple.app */ = {isa = PBXFileReference; explicitFileType = wrapper.application; includeInIndex = 0; path = ReminderApple.app; sourceTree = BUILT_PRODUCTS_DIR; };
		D63C8950269D73C2003F1A6D /* ReminderAppleApp.swift */ = {isa = PBXFileReference; lastKnownFileType = sourcecode.swift; path = ReminderAppleApp.swift; sourceTree = "<group>"; };
		D63C8952269D73C2003F1A6D /* ContentView.swift */ = {isa = PBXFileReference; lastKnownFileType = sourcecode.swift; path = ContentView.swift; sourceTree = "<group>"; };
		D63C8954269D73C3003F1A6D /* Assets.xcassets */ = {isa = PBXFileReference; lastKnownFileType = folder.assetcatalog; path = Assets.xcassets; sourceTree = "<group>"; };
		D63C8957269D73C3003F1A6D /* Preview Assets.xcassets */ = {isa = PBXFileReference; lastKnownFileType = folder.assetcatalog; path = "Preview Assets.xcassets"; sourceTree = "<group>"; };
		D63C8959269D73C3003F1A6D /* Info.plist */ = {isa = PBXFileReference; lastKnownFileType = text.plist.xml; path = Info.plist; sourceTree = "<group>"; };
		D63C8966269D7437003F1A6D /* Task.swift */ = {isa = PBXFileReference; fileEncoding = 4; lastKnownFileType = sourcecode.swift; name = Task.swift; path = ../../../Reminders/Reminders/Model/Task.swift; sourceTree = "<group>"; };
		D63C8968269D7448003F1A6D /* TaskCellViewModel.swift */ = {isa = PBXFileReference; lastKnownFileType = sourcecode.swift; path = TaskCellViewModel.swift; sourceTree = "<group>"; };
		D63C8969269D7448003F1A6D /* TaskListViewModel.swift */ = {isa = PBXFileReference; lastKnownFileType = sourcecode.swift; path = TaskListViewModel.swift; sourceTree = "<group>"; };
		D63C896C269D7496003F1A6D /* TaskListView.swift */ = {isa = PBXFileReference; lastKnownFileType = sourcecode.swift; path = TaskListView.swift; sourceTree = "<group>"; };
		D6D6DDDE269EC59400DC7829 /* TaskEditorView.swift */ = {isa = PBXFileReference; lastKnownFileType = sourcecode.swift; path = TaskEditorView.swift; sourceTree = "<group>"; };
/* End PBXFileReference section */

/* Begin PBXFrameworksBuildPhase section */
		D63C894A269D73C2003F1A6D /* Frameworks */ = {
			isa = PBXFrameworksBuildPhase;
			buildActionMask = 2147483647;
			files = (
			);
			runOnlyForDeploymentPostprocessing = 0;
		};
/* End PBXFrameworksBuildPhase section */

/* Begin PBXGroup section */
		D63C8944269D73C2003F1A6D = {
			isa = PBXGroup;
			children = (
				D63C894F269D73C2003F1A6D /* ReminderApple */,
				D63C894E269D73C2003F1A6D /* Products */,
			);
			sourceTree = "<group>";
		};
		D63C894E269D73C2003F1A6D /* Products */ = {
			isa = PBXGroup;
			children = (
				D63C894D269D73C2003F1A6D /* ReminderApple.app */,
			);
			name = Products;
			sourceTree = "<group>";
		};
		D63C894F269D73C2003F1A6D /* ReminderApple */ = {
			isa = PBXGroup;
			children = (
				D63C8961269D73DE003F1A6D /* ViewModels */,
				D63C8960269D73D8003F1A6D /* Model */,
				D63C895F269D73CE003F1A6D /* Views */,
				D63C8950269D73C2003F1A6D /* ReminderAppleApp.swift */,
				D63C8952269D73C2003F1A6D /* ContentView.swift */,
				D63C8954269D73C3003F1A6D /* Assets.xcassets */,
				D63C8959269D73C3003F1A6D /* Info.plist */,
				D63C8956269D73C3003F1A6D /* Preview Content */,
			);
			path = ReminderApple;
			sourceTree = "<group>";
		};
		D63C8956269D73C3003F1A6D /* Preview Content */ = {
			isa = PBXGroup;
			children = (
				D63C8957269D73C3003F1A6D /* Preview Assets.xcassets */,
			);
			path = "Preview Content";
			sourceTree = "<group>";
		};
		D63C895F269D73CE003F1A6D /* Views */ = {
			isa = PBXGroup;
			children = (
				D63C896C269D7496003F1A6D /* TaskListView.swift */,
				D6D6DDDE269EC59400DC7829 /* TaskEditorView.swift */,
			);
			path = Views;
			sourceTree = "<group>";
		};
		D63C8960269D73D8003F1A6D /* Model */ = {
			isa = PBXGroup;
			children = (
				D63C8966269D7437003F1A6D /* Task.swift */,
			);
			path = Model;
			sourceTree = "<group>";
		};
		D63C8961269D73DE003F1A6D /* ViewModels */ = {
			isa = PBXGroup;
			children = (
				D63C8968269D7448003F1A6D /* TaskCellViewModel.swift */,
				D63C8969269D7448003F1A6D /* TaskListViewModel.swift */,
			);
			path = ViewModels;
			sourceTree = "<group>";
		};
/* End PBXGroup section */

/* Begin PBXNativeTarget section */
		D63C894C269D73C2003F1A6D /* ReminderApple */ = {
			isa = PBXNativeTarget;
			buildConfigurationList = D63C895C269D73C3003F1A6D /* Build configuration list for PBXNativeTarget "ReminderApple" */;
			buildPhases = (
				D63C8949269D73C2003F1A6D /* Sources */,
				D63C894A269D73C2003F1A6D /* Frameworks */,
				D63C894B269D73C2003F1A6D /* Resources */,
			);
			buildRules = (
			);
			dependencies = (
			);
			name = ReminderApple;
			productName = ReminderApple;
			productReference = D63C894D269D73C2003F1A6D /* ReminderApple.app */;
			productType = "com.apple.product-type.application";
		};
/* End PBXNativeTarget section */

/* Begin PBXProject section */
		D63C8945269D73C2003F1A6D /* Project object */ = {
			isa = PBXProject;
			attributes = {
				LastSwiftUpdateCheck = 1250;
				LastUpgradeCheck = 1250;
				TargetAttributes = {
					D63C894C269D73C2003F1A6D = {
						CreatedOnToolsVersion = 12.5;
					};
				};
			};
			buildConfigurationList = D63C8948269D73C2003F1A6D /* Build configuration list for PBXProject "ReminderApple" */;
			compatibilityVersion = "Xcode 9.3";
			developmentRegion = en;
			hasScannedForEncodings = 0;
			knownRegions = (
				en,
				Base,
			);
			mainGroup = D63C8944269D73C2003F1A6D;
			productRefGroup = D63C894E269D73C2003F1A6D /* Products */;
			projectDirPath = "";
			projectRoot = "";
			targets = (
				D63C894C269D73C2003F1A6D /* ReminderApple */,
			);
		};
/* End PBXProject section */

/* Begin PBXResourcesBuildPhase section */
		D63C894B269D73C2003F1A6D /* Resources */ = {
			isa = PBXResourcesBuildPhase;
			buildActionMask = 2147483647;
			files = (
				D63C8958269D73C3003F1A6D /* Preview Assets.xcassets in Resources */,
				D63C8955269D73C3003F1A6D /* Assets.xcassets in Resources */,
			);
			runOnlyForDeploymentPostprocessing = 0;
		};
/* End PBXResourcesBuildPhase section */

/* Begin PBXSourcesBuildPhase section */
		D63C8949269D73C2003F1A6D /* Sources */ = {
			isa = PBXSourcesBuildPhase;
			buildActionMask = 2147483647;
			files = (
				D6D6DDDF269EC59400DC7829 /* TaskEditorView.swift in Sources */,
				D63C8953269D73C2003F1A6D /* ContentView.swift in Sources */,
				D63C8967269D7437003F1A6D /* Task.swift in Sources */,
				D63FD088269DE90D00B0DE62 /* TaskListViewModel.swift in Sources */,
				D63FD089269DE90F00B0DE62 /* TaskCellViewModel.swift in Sources */,
				D63C8951269D73C2003F1A6D /* ReminderAppleApp.swift in Sources */,
				D63FD087269DE90400B0DE62 /* TaskListView.swift in Sources */,
			);
			runOnlyForDeploymentPostprocessing = 0;
		};
/* End PBXSourcesBuildPhase section */

/* Begin XCBuildConfiguration section */
		D63C895A269D73C3003F1A6D /* Debug */ = {
			isa = XCBuildConfiguration;
			buildSettings = {
				ALWAYS_SEARCH_USER_PATHS = NO;
				CLANG_ANALYZER_NONNULL = YES;
				CLANG_ANALYZER_NUMBER_OBJECT_CONVERSION = YES_AGGRESSIVE;
				CLANG_CXX_LANGUAGE_STANDARD = "gnu++14";
				CLANG_CXX_LIBRARY = "libc++";
				CLANG_ENABLE_MODULES = YES;
				CLANG_ENABLE_OBJC_ARC = YES;
				CLANG_ENABLE_OBJC_WEAK = YES;
				CLANG_WARN_BLOCK_CAPTURE_AUTORELEASING = YES;
				CLANG_WARN_BOOL_CONVERSION = YES;
				CLANG_WARN_COMMA = YES;
				CLANG_WARN_CONSTANT_CONVERSION = YES;
				CLANG_WARN_DEPRECATED_OBJC_IMPLEMENTATIONS = YES;
				CLANG_WARN_DIRECT_OBJC_ISA_USAGE = YES_ERROR;
				CLANG_WARN_DOCUMENTATION_COMMENTS = YES;
				CLANG_WARN_EMPTY_BODY = YES;
				CLANG_WARN_ENUM_CONVERSION = YES;
				CLANG_WARN_INFINITE_RECURSION = YES;
				CLANG_WARN_INT_CONVERSION = YES;
				CLANG_WARN_NON_LITERAL_NULL_CONVERSION = YES;
				CLANG_WARN_OBJC_IMPLICIT_RETAIN_SELF = YES;
				CLANG_WARN_OBJC_LITERAL_CONVERSION = YES;
				CLANG_WARN_OBJC_ROOT_CLASS = YES_ERROR;
				CLANG_WARN_QUOTED_INCLUDE_IN_FRAMEWORK_HEADER = YES;
				CLANG_WARN_RANGE_LOOP_ANALYSIS = YES;
				CLANG_WARN_STRICT_PROTOTYPES = YES;
				CLANG_WARN_SUSPICIOUS_MOVE = YES;
				CLANG_WARN_UNGUARDED_AVAILABILITY = YES_AGGRESSIVE;
				CLANG_WARN_UNREACHABLE_CODE = YES;
				CLANG_WARN__DUPLICATE_METHOD_MATCH = YES;
				COPY_PHASE_STRIP = NO;
				DEBUG_INFORMATION_FORMAT = dwarf;
				ENABLE_STRICT_OBJC_MSGSEND = YES;
				ENABLE_TESTABILITY = YES;
				GCC_C_LANGUAGE_STANDARD = gnu11;
				GCC_DYNAMIC_NO_PIC = NO;
				GCC_NO_COMMON_BLOCKS = YES;
				GCC_OPTIMIZATION_LEVEL = 0;
				GCC_PREPROCESSOR_DEFINITIONS = (
					"DEBUG=1",
					"$(inherited)",
				);
				GCC_WARN_64_TO_32_BIT_CONVERSION = YES;
				GCC_WARN_ABOUT_RETURN_TYPE = YES_ERROR;
				GCC_WARN_UNDECLARED_SELECTOR = YES;
				GCC_WARN_UNINITIALIZED_AUTOS = YES_AGGRESSIVE;
				GCC_WARN_UNUSED_FUNCTION = YES;
				GCC_WARN_UNUSED_VARIABLE = YES;
				IPHONEOS_DEPLOYMENT_TARGET = 14.5;
				MTL_ENABLE_DEBUG_INFO = INCLUDE_SOURCE;
				MTL_FAST_MATH = YES;
				ONLY_ACTIVE_ARCH = YES;
				SDKROOT = iphoneos;
				SWIFT_ACTIVE_COMPILATION_CONDITIONS = DEBUG;
				SWIFT_OPTIMIZATION_LEVEL = "-Onone";
			};
			name = Debug;
		};
		D63C895B269D73C3003F1A6D /* Release */ = {
			isa = XCBuildConfiguration;
			buildSettings = {
				ALWAYS_SEARCH_USER_PATHS = NO;
				CLANG_ANALYZER_NONNULL = YES;
				CLANG_ANALYZER_NUMBER_OBJECT_CONVERSION = YES_AGGRESSIVE;
				CLANG_CXX_LANGUAGE_STANDARD = "gnu++14";
				CLANG_CXX_LIBRARY = "libc++";
				CLANG_ENABLE_MODULES = YES;
				CLANG_ENABLE_OBJC_ARC = YES;
				CLANG_ENABLE_OBJC_WEAK = YES;
				CLANG_WARN_BLOCK_CAPTURE_AUTORELEASING = YES;
				CLANG_WARN_BOOL_CONVERSION = YES;
				CLANG_WARN_COMMA = YES;
				CLANG_WARN_CONSTANT_CONVERSION = YES;
				CLANG_WARN_DEPRECATED_OBJC_IMPLEMENTATIONS = YES;
				CLANG_WARN_DIRECT_OBJC_ISA_USAGE = YES_ERROR;
				CLANG_WARN_DOCUMENTATION_COMMENTS = YES;
				CLANG_WARN_EMPTY_BODY = YES;
				CLANG_WARN_ENUM_CONVERSION = YES;
				CLANG_WARN_INFINITE_RECURSION = YES;
				CLANG_WARN_INT_CONVERSION = YES;
				CLANG_WARN_NON_LITERAL_NULL_CONVERSION = YES;
				CLANG_WARN_OBJC_IMPLICIT_RETAIN_SELF = YES;
				CLANG_WARN_OBJC_LITERAL_CONVERSION = YES;
				CLANG_WARN_OBJC_ROOT_CLASS = YES_ERROR;
				CLANG_WARN_QUOTED_INCLUDE_IN_FRAMEWORK_HEADER = YES;
				CLANG_WARN_RANGE_LOOP_ANALYSIS = YES;
				CLANG_WARN_STRICT_PROTOTYPES = YES;
				CLANG_WARN_SUSPICIOUS_MOVE = YES;
				CLANG_WARN_UNGUARDED_AVAILABILITY = YES_AGGRESSIVE;
				CLANG_WARN_UNREACHABLE_CODE = YES;
				CLANG_WARN__DUPLICATE_METHOD_MATCH = YES;
				COPY_PHASE_STRIP = NO;
				DEBUG_INFORMATION_FORMAT = "dwarf-with-dsym";
				ENABLE_NS_ASSERTIONS = NO;
				ENABLE_STRICT_OBJC_MSGSEND = YES;
				GCC_C_LANGUAGE_STANDARD = gnu11;
				GCC_NO_COMMON_BLOCKS = YES;
				GCC_WARN_64_TO_32_BIT_CONVERSION = YES;
				GCC_WARN_ABOUT_RETURN_TYPE = YES_ERROR;
				GCC_WARN_UNDECLARED_SELECTOR = YES;
				GCC_WARN_UNINITIALIZED_AUTOS = YES_AGGRESSIVE;
				GCC_WARN_UNUSED_FUNCTION = YES;
				GCC_WARN_UNUSED_VARIABLE = YES;
				IPHONEOS_DEPLOYMENT_TARGET = 14.5;
				MTL_ENABLE_DEBUG_INFO = NO;
				MTL_FAST_MATH = YES;
				SDKROOT = iphoneos;
				SWIFT_COMPILATION_MODE = wholemodule;
				SWIFT_OPTIMIZATION_LEVEL = "-O";
				VALIDATE_PRODUCT = YES;
			};
			name = Release;
		};
		D63C895D269D73C3003F1A6D /* Debug */ = {
			isa = XCBuildConfiguration;
			buildSettings = {
				ASSETCATALOG_COMPILER_APPICON_NAME = AppIcon;
				ASSETCATALOG_COMPILER_GLOBAL_ACCENT_COLOR_NAME = AccentColor;
				CODE_SIGN_STYLE = Automatic;
				DEVELOPMENT_ASSET_PATHS = "\"ReminderApple/Preview Content\"";
				DEVELOPMENT_TEAM = 7T5HX58B58;
				ENABLE_PREVIEWS = YES;
				INFOPLIST_FILE = ReminderApple/Info.plist;
				IPHONEOS_DEPLOYMENT_TARGET = 14.0;
				LD_RUNPATH_SEARCH_PATHS = (
					"$(inherited)",
					"@executable_path/Frameworks",
				);
				PRODUCT_BUNDLE_IDENTIFIER = "Alishba-Tahir.ReminderApple";
				PRODUCT_NAME = "$(TARGET_NAME)";
				SWIFT_VERSION = 5.0;
				TARGETED_DEVICE_FAMILY = "1,2";
			};
			name = Debug;
		};
		D63C895E269D73C3003F1A6D /* Release */ = {
			isa = XCBuildConfiguration;
			buildSettings = {
				ASSETCATALOG_COMPILER_APPICON_NAME = AppIcon;
				ASSETCATALOG_COMPILER_GLOBAL_ACCENT_COLOR_NAME = AccentColor;
				CODE_SIGN_STYLE = Automatic;
				DEVELOPMENT_ASSET_PATHS = "\"ReminderApple/Preview Content\"";
				DEVELOPMENT_TEAM = 7T5HX58B58;
				ENABLE_PREVIEWS = YES;
				INFOPLIST_FILE = ReminderApple/Info.plist;
				IPHONEOS_DEPLOYMENT_TARGET = 14.0;
				LD_RUNPATH_SEARCH_PATHS = (
					"$(inherited)",
					"@executable_path/Frameworks",
				);
				PRODUCT_BUNDLE_IDENTIFIER = "Alishba-Tahir.ReminderApple";
				PRODUCT_NAME = "$(TARGET_NAME)";
				SWIFT_VERSION = 5.0;
				TARGETED_DEVICE_FAMILY = "1,2";
			};
			name = Release;
		};
/* End XCBuildConfiguration section */

/* Begin XCConfigurationList section */
		D63C8948269D73C2003F1A6D /* Build configuration list for PBXProject "ReminderApple" */ = {
			isa = XCConfigurationList;
			buildConfigurations = (
				D63C895A269D73C3003F1A6D /* Debug */,
				D63C895B269D73C3003F1A6D /* Release */,
			);
			defaultConfigurationIsVisible = 0;
			defaultConfigurationName = Release;
		};
		D63C895C269D73C3003F1A6D /* Build configuration list for PBXNativeTarget "ReminderApple" */ = {
			isa = XCConfigurationList;
			buildConfigurations = (
				D63C895D269D73C3003F1A6D /* Debug */,
				D63C895E269D73C3003F1A6D /* Release */,
			);
			defaultConfigurationIsVisible = 0;
			defaultConfigurationName = Release;
		};
/* End XCConfigurationList section */
	};
	rootObject = D63C8945269D73C2003F1A6D /* Project object */;
}
